// !$*UTF8*$!
{
	archiveVersion = 1;
	classes = {
	};
	objectVersion = 77;
	objects = {

/* Begin PBXContainerItemProxy section */
		F9834C272D10702900D1E7E7 /* PBXContainerItemProxy */ = {
			isa = PBXContainerItemProxy;
			containerPortal = F9834C0E2D10702800D1E7E7 /* Project object */;
			proxyType = 1;
			remoteGlobalIDString = F9834C152D10702800D1E7E7;
			remoteInfo = PaviaPuzzle;
		};
		F9834C312D10702900D1E7E7 /* PBXContainerItemProxy */ = {
			isa = PBXContainerItemProxy;
			containerPortal = F9834C0E2D10702800D1E7E7 /* Project object */;
			proxyType = 1;
			remoteGlobalIDString = F9834C152D10702800D1E7E7;
			remoteInfo = PaviaPuzzle;
		};
/* End PBXContainerItemProxy section */

/* Begin PBXFileReference section */
		F9834C162D10702800D1E7E7 /* PaviaPuzzle.app */ = {isa = PBXFileReference; explicitFileType = wrapper.application; includeInIndex = 0; path = PaviaPuzzle.app; sourceTree = BUILT_PRODUCTS_DIR; };
		F9834C262D10702900D1E7E7 /* PaviaPuzzleTests.xctest */ = {isa = PBXFileReference; explicitFileType = wrapper.cfbundle; includeInIndex = 0; path = PaviaPuzzleTests.xctest; sourceTree = BUILT_PRODUCTS_DIR; };
		F9834C302D10702900D1E7E7 /* PaviaPuzzleUITests.xctest */ = {isa = PBXFileReference; explicitFileType = wrapper.cfbundle; includeInIndex = 0; path = PaviaPuzzleUITests.xctest; sourceTree = BUILT_PRODUCTS_DIR; };
/* End PBXFileReference section */

/* Begin PBXFileSystemSynchronizedRootGroup section */
		F9834C182D10702800D1E7E7 /* PaviaPuzzle */ = {
			isa = PBXFileSystemSynchronizedRootGroup;
			path = PaviaPuzzle;
			sourceTree = "<group>";
		};
		F9834C292D10702900D1E7E7 /* PaviaPuzzleTests */ = {
			isa = PBXFileSystemSynchronizedRootGroup;
			path = PaviaPuzzleTests;
			sourceTree = "<group>";
		};
		F9834C332D10702900D1E7E7 /* PaviaPuzzleUITests */ = {
			isa = PBXFileSystemSynchronizedRootGroup;
			path = PaviaPuzzleUITests;
			sourceTree = "<group>";
		};
/* End PBXFileSystemSynchronizedRootGroup section */

/* Begin PBXFrameworksBuildPhase section */
		F9834C132D10702800D1E7E7 /* Frameworks */ = {
			isa = PBXFrameworksBuildPhase;
			buildActionMask = 2147483647;
			files = (
			);
			runOnlyForDeploymentPostprocessing = 0;
		};
		F9834C232D10702900D1E7E7 /* Frameworks */ = {
			isa = PBXFrameworksBuildPhase;
			buildActionMask = 2147483647;
			files = (
			);
			runOnlyForDeploymentPostprocessing = 0;
		};
		F9834C2D2D10702900D1E7E7 /* Frameworks */ = {
			isa = PBXFrameworksBuildPhase;
			buildActionMask = 2147483647;
			files = (
			);
			runOnlyForDeploymentPostprocessing = 0;
		};
/* End PBXFrameworksBuildPhase section */

/* Begin PBXGroup section */
		F9834C0D2D10702800D1E7E7 = {
			isa = PBXGroup;
			children = (
				F9834C182D10702800D1E7E7 /* PaviaPuzzle */,
				F9834C292D10702900D1E7E7 /* PaviaPuzzleTests */,
				F9834C332D10702900D1E7E7 /* PaviaPuzzleUITests */,
				F9834C172D10702800D1E7E7 /* Products */,
			);
			sourceTree = "<group>";
		};
		F9834C172D10702800D1E7E7 /* Products */ = {
			isa = PBXGroup;
			children = (
				F9834C162D10702800D1E7E7 /* PaviaPuzzle.app */,
				F9834C262D10702900D1E7E7 /* PaviaPuzzleTests.xctest */,
				F9834C302D10702900D1E7E7 /* PaviaPuzzleUITests.xctest */,
			);
			name = Products;
			sourceTree = "<group>";
		};
/* End PBXGroup section */

/* Begin PBXNativeTarget section */
		F9834C152D10702800D1E7E7 /* PaviaPuzzle */ = {
			isa = PBXNativeTarget;
			buildConfigurationList = F9834C3A2D10702A00D1E7E7 /* Build configuration list for PBXNativeTarget "PaviaPuzzle" */;
			buildPhases = (
				F9834C122D10702800D1E7E7 /* Sources */,
				F9834C132D10702800D1E7E7 /* Frameworks */,
				F9834C142D10702800D1E7E7 /* Resources */,
			);
			buildRules = (
			);
			dependencies = (
			);
			fileSystemSynchronizedGroups = (
				F9834C182D10702800D1E7E7 /* PaviaPuzzle */,
			);
			name = PaviaPuzzle;
			packageProductDependencies = (
			);
			productName = PaviaPuzzle;
			productReference = F9834C162D10702800D1E7E7 /* PaviaPuzzle.app */;
			productType = "com.apple.product-type.application";
		};
		F9834C252D10702900D1E7E7 /* PaviaPuzzleTests */ = {
			isa = PBXNativeTarget;
			buildConfigurationList = F9834C3D2D10702A00D1E7E7 /* Build configuration list for PBXNativeTarget "PaviaPuzzleTests" */;
			buildPhases = (
				F9834C222D10702900D1E7E7 /* Sources */,
				F9834C232D10702900D1E7E7 /* Frameworks */,
				F9834C242D10702900D1E7E7 /* Resources */,
			);
			buildRules = (
			);
			dependencies = (
				F9834C282D10702900D1E7E7 /* PBXTargetDependency */,
			);
			fileSystemSynchronizedGroups = (
				F9834C292D10702900D1E7E7 /* PaviaPuzzleTests */,
			);
			name = PaviaPuzzleTests;
			packageProductDependencies = (
			);
			productName = PaviaPuzzleTests;
			productReference = F9834C262D10702900D1E7E7 /* PaviaPuzzleTests.xctest */;
			productType = "com.apple.product-type.bundle.unit-test";
		};
		F9834C2F2D10702900D1E7E7 /* PaviaPuzzleUITests */ = {
			isa = PBXNativeTarget;
			buildConfigurationList = F9834C402D10702A00D1E7E7 /* Build configuration list for PBXNativeTarget "PaviaPuzzleUITests" */;
			buildPhases = (
				F9834C2C2D10702900D1E7E7 /* Sources */,
				F9834C2D2D10702900D1E7E7 /* Frameworks */,
				F9834C2E2D10702900D1E7E7 /* Resources */,
			);
			buildRules = (
			);
			dependencies = (
				F9834C322D10702900D1E7E7 /* PBXTargetDependency */,
			);
			fileSystemSynchronizedGroups = (
				F9834C332D10702900D1E7E7 /* PaviaPuzzleUITests */,
			);
			name = PaviaPuzzleUITests;
			packageProductDependencies = (
			);
			productName = PaviaPuzzleUITests;
			productReference = F9834C302D10702900D1E7E7 /* PaviaPuzzleUITests.xctest */;
			productType = "com.apple.product-type.bundle.ui-testing";
		};
/* End PBXNativeTarget section */

/* Begin PBXProject section */
		F9834C0E2D10702800D1E7E7 /* Project object */ = {
			isa = PBXProject;
			attributes = {
				BuildIndependentTargetsInParallel = 1;
				LastSwiftUpdateCheck = 1620;
				LastUpgradeCheck = 1620;
				TargetAttributes = {
					F9834C152D10702800D1E7E7 = {
						CreatedOnToolsVersion = 16.2;
					};
					F9834C252D10702900D1E7E7 = {
						CreatedOnToolsVersion = 16.2;
						TestTargetID = F9834C152D10702800D1E7E7;
					};
					F9834C2F2D10702900D1E7E7 = {
						CreatedOnToolsVersion = 16.2;
						TestTargetID = F9834C152D10702800D1E7E7;
					};
				};
			};
			buildConfigurationList = F9834C112D10702800D1E7E7 /* Build configuration list for PBXProject "PaviaPuzzle" */;
			developmentRegion = en;
			hasScannedForEncodings = 0;
			knownRegions = (
				en,
				Base,
			);
			mainGroup = F9834C0D2D10702800D1E7E7;
			minimizedProjectReferenceProxies = 1;
			preferredProjectObjectVersion = 77;
			productRefGroup = F9834C172D10702800D1E7E7 /* Products */;
			projectDirPath = "";
			projectRoot = "";
			targets = (
				F9834C152D10702800D1E7E7 /* PaviaPuzzle */,
				F9834C252D10702900D1E7E7 /* PaviaPuzzleTests */,
				F9834C2F2D10702900D1E7E7 /* PaviaPuzzleUITests */,
			);
		};
/* End PBXProject section */

/* Begin PBXResourcesBuildPhase section */
		F9834C142D10702800D1E7E7 /* Resources */ = {
			isa = PBXResourcesBuildPhase;
			buildActionMask = 2147483647;
			files = (
			);
			runOnlyForDeploymentPostprocessing = 0;
		};
		F9834C242D10702900D1E7E7 /* Resources */ = {
			isa = PBXResourcesBuildPhase;
			buildActionMask = 2147483647;
			files = (
			);
			runOnlyForDeploymentPostprocessing = 0;
		};
		F9834C2E2D10702900D1E7E7 /* Resources */ = {
			isa = PBXResourcesBuildPhase;
			buildActionMask = 2147483647;
			files = (
			);
			runOnlyForDeploymentPostprocessing = 0;
		};
/* End PBXResourcesBuildPhase section */

/* Begin PBXSourcesBuildPhase section */
		F9834C122D10702800D1E7E7 /* Sources */ = {
			isa = PBXSourcesBuildPhase;
			buildActionMask = 2147483647;
			files = (
			);
			runOnlyForDeploymentPostprocessing = 0;
		};
		F9834C222D10702900D1E7E7 /* Sources */ = {
			isa = PBXSourcesBuildPhase;
			buildActionMask = 2147483647;
			files = (
			);
			runOnlyForDeploymentPostprocessing = 0;
		};
		F9834C2C2D10702900D1E7E7 /* Sources */ = {
			isa = PBXSourcesBuildPhase;
			buildActionMask = 2147483647;
			files = (
			);
			runOnlyForDeploymentPostprocessing = 0;
		};
/* End PBXSourcesBuildPhase section */

/* Begin PBXTargetDependency section */
		F9834C282D10702900D1E7E7 /* PBXTargetDependency */ = {
			isa = PBXTargetDependency;
			target = F9834C152D10702800D1E7E7 /* PaviaPuzzle */;
			targetProxy = F9834C272D10702900D1E7E7 /* PBXContainerItemProxy */;
		};
		F9834C322D10702900D1E7E7 /* PBXTargetDependency */ = {
			isa = PBXTargetDependency;
			target = F9834C152D10702800D1E7E7 /* PaviaPuzzle */;
			targetProxy = F9834C312D10702900D1E7E7 /* PBXContainerItemProxy */;
		};
/* End PBXTargetDependency section */

/* Begin XCBuildConfiguration section */
		F9834C382D10702A00D1E7E7 /* Debug */ = {
			isa = XCBuildConfiguration;
			buildSettings = {
				ALWAYS_SEARCH_USER_PATHS = NO;
				ASSETCATALOG_COMPILER_GENERATE_SWIFT_ASSET_SYMBOL_EXTENSIONS = YES;
				CLANG_ANALYZER_NONNULL = YES;
				CLANG_ANALYZER_NUMBER_OBJECT_CONVERSION = YES_AGGRESSIVE;
				CLANG_CXX_LANGUAGE_STANDARD = "gnu++20";
				CLANG_ENABLE_MODULES = YES;
				CLANG_ENABLE_OBJC_ARC = YES;
				CLANG_ENABLE_OBJC_WEAK = YES;
				CLANG_WARN_BLOCK_CAPTURE_AUTORELEASING = YES;
				CLANG_WARN_BOOL_CONVERSION = YES;
				CLANG_WARN_COMMA = YES;
				CLANG_WARN_CONSTANT_CONVERSION = YES;
				CLANG_WARN_DEPRECATED_OBJC_IMPLEMENTATIONS = YES;
				CLANG_WARN_DIRECT_OBJC_ISA_USAGE = YES_ERROR;
				CLANG_WARN_DOCUMENTATION_COMMENTS = YES;
				CLANG_WARN_EMPTY_BODY = YES;
				CLANG_WARN_ENUM_CONVERSION = YES;
				CLANG_WARN_INFINITE_RECURSION = YES;
				CLANG_WARN_INT_CONVERSION = YES;
				CLANG_WARN_NON_LITERAL_NULL_CONVERSION = YES;
				CLANG_WARN_OBJC_IMPLICIT_RETAIN_SELF = YES;
				CLANG_WARN_OBJC_LITERAL_CONVERSION = YES;
				CLANG_WARN_OBJC_ROOT_CLASS = YES_ERROR;
				CLANG_WARN_QUOTED_INCLUDE_IN_FRAMEWORK_HEADER = YES;
				CLANG_WARN_RANGE_LOOP_ANALYSIS = YES;
				CLANG_WARN_STRICT_PROTOTYPES = YES;
				CLANG_WARN_SUSPICIOUS_MOVE = YES;
				CLANG_WARN_UNGUARDED_AVAILABILITY = YES_AGGRESSIVE;
				CLANG_WARN_UNREACHABLE_CODE = YES;
				CLANG_WARN__DUPLICATE_METHOD_MATCH = YES;
				COPY_PHASE_STRIP = NO;
				DEBUG_INFORMATION_FORMAT = dwarf;
				ENABLE_STRICT_OBJC_MSGSEND = YES;
				ENABLE_TESTABILITY = YES;
				ENABLE_USER_SCRIPT_SANDBOXING = YES;
				GCC_C_LANGUAGE_STANDARD = gnu17;
				GCC_DYNAMIC_NO_PIC = NO;
				GCC_NO_COMMON_BLOCKS = YES;
				GCC_OPTIMIZATION_LEVEL = 0;
				GCC_PREPROCESSOR_DEFINITIONS = (
					"DEBUG=1",
					"$(inherited)",
				);
				GCC_WARN_64_TO_32_BIT_CONVERSION = YES;
				GCC_WARN_ABOUT_RETURN_TYPE = YES_ERROR;
				GCC_WARN_UNDECLARED_SELECTOR = YES;
				GCC_WARN_UNINITIALIZED_AUTOS = YES_AGGRESSIVE;
				GCC_WARN_UNUSED_FUNCTION = YES;
				GCC_WARN_UNUSED_VARIABLE = YES;
				IPHONEOS_DEPLOYMENT_TARGET = 18.2;
				LOCALIZATION_PREFERS_STRING_CATALOGS = YES;
				MTL_ENABLE_DEBUG_INFO = INCLUDE_SOURCE;
				MTL_FAST_MATH = YES;
				ONLY_ACTIVE_ARCH = YES;
				SDKROOT = iphoneos;
				SWIFT_ACTIVE_COMPILATION_CONDITIONS = "DEBUG $(inherited)";
				SWIFT_OPTIMIZATION_LEVEL = "-Onone";
			};
			name = Debug;
		};
		F9834C392D10702A00D1E7E7 /* Release */ = {
			isa = XCBuildConfiguration;
			buildSettings = {
				ALWAYS_SEARCH_USER_PATHS = NO;
				ASSETCATALOG_COMPILER_GENERATE_SWIFT_ASSET_SYMBOL_EXTENSIONS = YES;
				CLANG_ANALYZER_NONNULL = YES;
				CLANG_ANALYZER_NUMBER_OBJECT_CONVERSION = YES_AGGRESSIVE;
				CLANG_CXX_LANGUAGE_STANDARD = "gnu++20";
				CLANG_ENABLE_MODULES = YES;
				CLANG_ENABLE_OBJC_ARC = YES;
				CLANG_ENABLE_OBJC_WEAK = YES;
				CLANG_WARN_BLOCK_CAPTURE_AUTORELEASING = YES;
				CLANG_WARN_BOOL_CONVERSION = YES;
				CLANG_WARN_COMMA = YES;
				CLANG_WARN_CONSTANT_CONVERSION = YES;
				CLANG_WARN_DEPRECATED_OBJC_IMPLEMENTATIONS = YES;
				CLANG_WARN_DIRECT_OBJC_ISA_USAGE = YES_ERROR;
				CLANG_WARN_DOCUMENTATION_COMMENTS = YES;
				CLANG_WARN_EMPTY_BODY = YES;
				CLANG_WARN_ENUM_CONVERSION = YES;
				CLANG_WARN_INFINITE_RECURSION = YES;
				CLANG_WARN_INT_CONVERSION = YES;
				CLANG_WARN_NON_LITERAL_NULL_CONVERSION = YES;
				CLANG_WARN_OBJC_IMPLICIT_RETAIN_SELF = YES;
				CLANG_WARN_OBJC_LITERAL_CONVERSION = YES;
				CLANG_WARN_OBJC_ROOT_CLASS = YES_ERROR;
				CLANG_WARN_QUOTED_INCLUDE_IN_FRAMEWORK_HEADER = YES;
				CLANG_WARN_RANGE_LOOP_ANALYSIS = YES;
				CLANG_WARN_STRICT_PROTOTYPES = YES;
				CLANG_WARN_SUSPICIOUS_MOVE = YES;
				CLANG_WARN_UNGUARDED_AVAILABILITY = YES_AGGRESSIVE;
				CLANG_WARN_UNREACHABLE_CODE = YES;
				CLANG_WARN__DUPLICATE_METHOD_MATCH = YES;
				COPY_PHASE_STRIP = NO;
				DEBUG_INFORMATION_FORMAT = "dwarf-with-dsym";
				ENABLE_NS_ASSERTIONS = NO;
				ENABLE_STRICT_OBJC_MSGSEND = YES;
				ENABLE_USER_SCRIPT_SANDBOXING = YES;
				GCC_C_LANGUAGE_STANDARD = gnu17;
				GCC_NO_COMMON_BLOCKS = YES;
				GCC_WARN_64_TO_32_BIT_CONVERSION = YES;
				GCC_WARN_ABOUT_RETURN_TYPE = YES_ERROR;
				GCC_WARN_UNDECLARED_SELECTOR = YES;
				GCC_WARN_UNINITIALIZED_AUTOS = YES_AGGRESSIVE;
				GCC_WARN_UNUSED_FUNCTION = YES;
				GCC_WARN_UNUSED_VARIABLE = YES;
				IPHONEOS_DEPLOYMENT_TARGET = 18.2;
				LOCALIZATION_PREFERS_STRING_CATALOGS = YES;
				MTL_ENABLE_DEBUG_INFO = NO;
				MTL_FAST_MATH = YES;
				SDKROOT = iphoneos;
				SWIFT_COMPILATION_MODE = wholemodule;
				VALIDATE_PRODUCT = YES;
			};
			name = Release;
		};
		F9834C3B2D10702A00D1E7E7 /* Debug */ = {
			isa = XCBuildConfiguration;
			buildSettings = {
				ASSETCATALOG_COMPILER_APPICON_NAME = AppIcon;
				ASSETCATALOG_COMPILER_GLOBAL_ACCENT_COLOR_NAME = AccentColor;
				CODE_SIGN_STYLE = Automatic;
				CURRENT_PROJECT_VERSION = 1;
				DEVELOPMENT_ASSET_PATHS = "\"PaviaPuzzle/Preview Content\"";
				DEVELOPMENT_TEAM = CJ6YUCY5ZU;
				ENABLE_PREVIEWS = YES;
				GENERATE_INFOPLIST_FILE = YES;
				INFOPLIST_KEY_UIApplicationSceneManifest_Generation = YES;
				INFOPLIST_KEY_UIApplicationSupportsIndirectInputEvents = YES;
				INFOPLIST_KEY_UILaunchScreen_Generation = YES;
				INFOPLIST_KEY_UISupportedInterfaceOrientations_iPad = "UIInterfaceOrientationPortrait UIInterfaceOrientationPortraitUpsideDown UIInterfaceOrientationLandscapeLeft UIInterfaceOrientationLandscapeRight";
				INFOPLIST_KEY_UISupportedInterfaceOrientations_iPhone = "UIInterfaceOrientationPortrait UIInterfaceOrientationLandscapeLeft UIInterfaceOrientationLandscapeRight";
				IPHONEOS_DEPLOYMENT_TARGET = 17.6;
				LD_RUNPATH_SEARCH_PATHS = (
					"$(inherited)",
					"@executable_path/Frameworks",
				);
				MARKETING_VERSION = 1.0;
				PRODUCT_BUNDLE_IDENTIFIER = com.olict.PaviaPuzzle;
				PRODUCT_NAME = "$(TARGET_NAME)";
				SWIFT_EMIT_LOC_STRINGS = YES;
				SWIFT_VERSION = 5.0;
				TARGETED_DEVICE_FAMILY = "1,2";
			};
			name = Debug;
		};
		F9834C3C2D10702A00D1E7E7 /* Release */ = {
			isa = XCBuildConfiguration;
			buildSettings = {
				ASSETCATALOG_COMPILER_APPICON_NAME = AppIcon;
				ASSETCATALOG_COMPILER_GLOBAL_ACCENT_COLOR_NAME = AccentColor;
				CODE_SIGN_STYLE = Automatic;
				CURRENT_PROJECT_VERSION = 1;
				DEVELOPMENT_ASSET_PATHS = "\"PaviaPuzzle/Preview Content\"";
				DEVELOPMENT_TEAM = CJ6YUCY5ZU;
				ENABLE_PREVIEWS = YES;
				GENERATE_INFOPLIST_FILE = YES;
				INFOPLIST_KEY_UIApplicationSceneManifest_Generation = YES;
				INFOPLIST_KEY_UIApplicationSupportsIndirectInputEvents = YES;
				INFOPLIST_KEY_UILaunchScreen_Generation = YES;
				INFOPLIST_KEY_UISupportedInterfaceOrientations_iPad = "UIInterfaceOrientationPortrait UIInterfaceOrientationPortraitUpsideDown UIInterfaceOrientationLandscapeLeft UIInterfaceOrientationLandscapeRight";
				INFOPLIST_KEY_UISupportedInterfaceOrientations_iPhone = "UIInterfaceOrientationPortrait UIInterfaceOrientationLandscapeLeft UIInterfaceOrientationLandscapeRight";
				IPHONEOS_DEPLOYMENT_TARGET = 17.6;
				LD_RUNPATH_SEARCH_PATHS = (
					"$(inherited)",
					"@executable_path/Frameworks",
				);
				MARKETING_VERSION = 1.0;
				PRODUCT_BUNDLE_IDENTIFIER = com.olict.PaviaPuzzle;
				PRODUCT_NAME = "$(TARGET_NAME)";
				SWIFT_EMIT_LOC_STRINGS = YES;
				SWIFT_VERSION = 5.0;
				TARGETED_DEVICE_FAMILY = "1,2";
			};
			name = Release;
		};
		F9834C3E2D10702A00D1E7E7 /* Debug */ = {
			isa = XCBuildConfiguration;
			buildSettings = {
				BUNDLE_LOADER = "$(TEST_HOST)";
				CODE_SIGN_STYLE = Automatic;
				CURRENT_PROJECT_VERSION = 1;
				DEVELOPMENT_TEAM = CJ6YUCY5ZU;
				GENERATE_INFOPLIST_FILE = YES;
				IPHONEOS_DEPLOYMENT_TARGET = 17.6;
				MARKETING_VERSION = 1.0;
				PRODUCT_BUNDLE_IDENTIFIER = com.olict.PaviaPuzzleTests;
				PRODUCT_NAME = "$(TARGET_NAME)";
				SWIFT_EMIT_LOC_STRINGS = NO;
				SWIFT_VERSION = 5.0;
				TARGETED_DEVICE_FAMILY = "1,2";
				TEST_HOST = "$(BUILT_PRODUCTS_DIR)/PaviaPuzzle.app/$(BUNDLE_EXECUTABLE_FOLDER_PATH)/PaviaPuzzle";
			};
			name = Debug;
		};
		F9834C3F2D10702A00D1E7E7 /* Release */ = {
			isa = XCBuildConfiguration;
			buildSettings = {
				BUNDLE_LOADER = "$(TEST_HOST)";
				CODE_SIGN_STYLE = Automatic;
				CURRENT_PROJECT_VERSION = 1;
				DEVELOPMENT_TEAM = CJ6YUCY5ZU;
				GENERATE_INFOPLIST_FILE = YES;
				IPHONEOS_DEPLOYMENT_TARGET = 17.6;
				MARKETING_VERSION = 1.0;
				PRODUCT_BUNDLE_IDENTIFIER = com.olict.PaviaPuzzleTests;
				PRODUCT_NAME = "$(TARGET_NAME)";
				SWIFT_EMIT_LOC_STRINGS = NO;
				SWIFT_VERSION = 5.0;
				TARGETED_DEVICE_FAMILY = "1,2";
				TEST_HOST = "$(BUILT_PRODUCTS_DIR)/PaviaPuzzle.app/$(BUNDLE_EXECUTABLE_FOLDER_PATH)/PaviaPuzzle";
			};
			name = Release;
		};
		F9834C412D10702A00D1E7E7 /* Debug */ = {
			isa = XCBuildConfiguration;
			buildSettings = {
				CODE_SIGN_STYLE = Automatic;
				CURRENT_PROJECT_VERSION = 1;
				DEVELOPMENT_TEAM = CJ6YUCY5ZU;
				GENERATE_INFOPLIST_FILE = YES;
				IPHONEOS_DEPLOYMENT_TARGET = 17.6;
				MARKETING_VERSION = 1.0;
				PRODUCT_BUNDLE_IDENTIFIER = com.olict.PaviaPuzzleUITests;
				PRODUCT_NAME = "$(TARGET_NAME)";
				SWIFT_EMIT_LOC_STRINGS = NO;
				SWIFT_VERSION = 5.0;
				TARGETED_DEVICE_FAMILY = "1,2";
				TEST_TARGET_NAME = PaviaPuzzle;
			};
			name = Debug;
		};
		F9834C422D10702A00D1E7E7 /* Release */ = {
			isa = XCBuildConfiguration;
			buildSettings = {
				CODE_SIGN_STYLE = Automatic;
				CURRENT_PROJECT_VERSION = 1;
				DEVELOPMENT_TEAM = CJ6YUCY5ZU;
				GENERATE_INFOPLIST_FILE = YES;
				IPHONEOS_DEPLOYMENT_TARGET = 17.6;
				MARKETING_VERSION = 1.0;
				PRODUCT_BUNDLE_IDENTIFIER = com.olict.PaviaPuzzleUITests;
				PRODUCT_NAME = "$(TARGET_NAME)";
				SWIFT_EMIT_LOC_STRINGS = NO;
				SWIFT_VERSION = 5.0;
				TARGETED_DEVICE_FAMILY = "1,2";
				TEST_TARGET_NAME = PaviaPuzzle;
			};
			name = Release;
		};
/* End XCBuildConfiguration section */

/* Begin XCConfigurationList section */
		F9834C112D10702800D1E7E7 /* Build configuration list for PBXProject "PaviaPuzzle" */ = {
			isa = XCConfigurationList;
			buildConfigurations = (
				F9834C382D10702A00D1E7E7 /* Debug */,
				F9834C392D10702A00D1E7E7 /* Release */,
			);
			defaultConfigurationIsVisible = 0;
			defaultConfigurationName = Release;
		};
		F9834C3A2D10702A00D1E7E7 /* Build configuration list for PBXNativeTarget "PaviaPuzzle" */ = {
			isa = XCConfigurationList;
			buildConfigurations = (
				F9834C3B2D10702A00D1E7E7 /* Debug */,
				F9834C3C2D10702A00D1E7E7 /* Release */,
			);
			defaultConfigurationIsVisible = 0;
			defaultConfigurationName = Release;
		};
		F9834C3D2D10702A00D1E7E7 /* Build configuration list for PBXNativeTarget "PaviaPuzzleTests" */ = {
			isa = XCConfigurationList;
			buildConfigurations = (
				F9834C3E2D10702A00D1E7E7 /* Debug */,
				F9834C3F2D10702A00D1E7E7 /* Release */,
			);
			defaultConfigurationIsVisible = 0;
			defaultConfigurationName = Release;
		};
		F9834C402D10702A00D1E7E7 /* Build configuration list for PBXNativeTarget "PaviaPuzzleUITests" */ = {
			isa = XCConfigurationList;
			buildConfigurations = (
				F9834C412D10702A00D1E7E7 /* Debug */,
				F9834C422D10702A00D1E7E7 /* Release */,
			);
			defaultConfigurationIsVisible = 0;
			defaultConfigurationName = Release;
		};
/* End XCConfigurationList section */
	};
	rootObject = F9834C0E2D10702800D1E7E7 /* Project object */;
}
